
Microsoft Visual Studio Solution File, Format Version 12.00
# Visual Studio Version 16
VisualStudioVersion = 16.0.29926.136
MinimumVisualStudioVersion = 10.0.40219.1
Project("{FAE04EC0-301F-11D3-BF4B-00C04F79EFBC}") = "Coding Tech", "Coding Tech\Coding Tech.csproj", "{695BD65E-F080-4675-AB12-C5D800F6EF86}"
EndProject
Global
	GlobalSection(SolutionConfigurationPlatforms) = preSolution
		Debug|Any CPU = Debug|Any CPU
		Release|Any CPU = Release|Any CPU
	EndGlobalSection
	GlobalSection(ProjectConfigurationPlatforms) = postSolution
		{695BD65E-F080-4675-AB12-C5D800F6EF86}.Debug|Any CPU.ActiveCfg = Debug|Any CPU
		{695BD65E-F080-4675-AB12-C5D800F6EF86}.Debug|Any CPU.Build.0 = Debug|Any CPU
		{695BD65E-F080-4675-AB12-C5D800F6EF86}.Release|Any CPU.ActiveCfg = Release|Any CPU
		{695BD65E-F080-4675-AB12-C5D800F6EF86}.Release|Any CPU.Build.0 = Release|Any CPU
	EndGlobalSection
	GlobalSection(SolutionProperties) = preSolution
		HideSolutionNode = FALSE
	EndGlobalSection
	GlobalSection(ExtensibilityGlobals) = postSolution
		SolutionGuid = {C02FA2FB-E929-4D41-B475-9EF36F6E25B8}
	EndGlobalSection
EndGlobal
